
Microsoft Visual Studio Solution File, Format Version 12.00
# Visual Studio Version 16
VisualStudioVersion = 16.0.31729.503
MinimumVisualStudioVersion = 10.0.40219.1
Project("{D2ABAB84-BF74-430A-B69E-9DC6D40DDA17}") = "LDS_03_Group_08", "LDS_03_Group_08\LDS_03_Group_08.dwproj", "{7F417779-B6EE-47A9-BA57-D72FDE127F49}"
EndProject
Global
	GlobalSection(SolutionConfigurationPlatforms) = preSolution
		Development|Default = Development|Default
	EndGlobalSection
	GlobalSection(ProjectConfigurationPlatforms) = postSolution
		{7F417779-B6EE-47A9-BA57-D72FDE127F49}.Development|Default.ActiveCfg = Development
		{7F417779-B6EE-47A9-BA57-D72FDE127F49}.Development|Default.Build.0 = Development
		{7F417779-B6EE-47A9-BA57-D72FDE127F49}.Development|Default.Deploy.0 = Development
	EndGlobalSection
	GlobalSection(SolutionProperties) = preSolution
		HideSolutionNode = FALSE
	EndGlobalSection
	GlobalSection(ExtensibilityGlobals) = postSolution
		SolutionGuid = {A8A85408-3BEB-480B-93F4-525B274B9992}
	EndGlobalSection
EndGlobal
